// !$*UTF8*$!
{
	archiveVersion = 1;
	classes = {
	};
	objectVersion = 50;
	objects = {

/* Begin PBXBuildFile section */
		CE24CA8A234C842D002A4012 /* GameFieldView.swift in Sources */ = {isa = PBXBuildFile; fileRef = CE24CA89234C842D002A4012 /* GameFieldView.swift */; };
		CE97A5832341E9F400B084E7 /* AppDelegate.swift in Sources */ = {isa = PBXBuildFile; fileRef = CE97A5822341E9F400B084E7 /* AppDelegate.swift */; };
		CE97A5852341E9F400B084E7 /* ViewController.swift in Sources */ = {isa = PBXBuildFile; fileRef = CE97A5842341E9F400B084E7 /* ViewController.swift */; };
		CE97A5882341E9F400B084E7 /* Main.storyboard in Resources */ = {isa = PBXBuildFile; fileRef = CE97A5862341E9F400B084E7 /* Main.storyboard */; };
		CE97A58A2341E9F500B084E7 /* Assets.xcassets in Resources */ = {isa = PBXBuildFile; fileRef = CE97A5892341E9F500B084E7 /* Assets.xcassets */; };
		CE97A58D2341E9F500B084E7 /* LaunchScreen.storyboard in Resources */ = {isa = PBXBuildFile; fileRef = CE97A58B2341E9F500B084E7 /* LaunchScreen.storyboard */; };
		CE97A5982341E9F500B084E7 /* ViewsTests.swift in Sources */ = {isa = PBXBuildFile; fileRef = CE97A5972341E9F500B084E7 /* ViewsTests.swift */; };
/* End PBXBuildFile section */

/* Begin PBXContainerItemProxy section */
		CE97A5942341E9F500B084E7 /* PBXContainerItemProxy */ = {
			isa = PBXContainerItemProxy;
			containerPortal = CE97A5772341E9F400B084E7 /* Project object */;
			proxyType = 1;
			remoteGlobalIDString = CE97A57E2341E9F400B084E7;
			remoteInfo = Views;
		};
/* End PBXContainerItemProxy section */

/* Begin PBXFileReference section */
		CE24CA89234C842D002A4012 /* GameFieldView.swift */ = {isa = PBXFileReference; lastKnownFileType = sourcecode.swift; path = GameFieldView.swift; sourceTree = "<group>"; };
		CE97A57F2341E9F400B084E7 /* Views.app */ = {isa = PBXFileReference; explicitFileType = wrapper.application; includeInIndex = 0; path = Views.app; sourceTree = BUILT_PRODUCTS_DIR; };
		CE97A5822341E9F400B084E7 /* AppDelegate.swift */ = {isa = PBXFileReference; lastKnownFileType = sourcecode.swift; path = AppDelegate.swift; sourceTree = "<group>"; };
		CE97A5842341E9F400B084E7 /* ViewController.swift */ = {isa = PBXFileReference; lastKnownFileType = sourcecode.swift; path = ViewController.swift; sourceTree = "<group>"; };
		CE97A5872341E9F400B084E7 /* Base */ = {isa = PBXFileReference; lastKnownFileType = file.storyboard; name = Base; path = Base.lproj/Main.storyboard; sourceTree = "<group>"; };
		CE97A5892341E9F500B084E7 /* Assets.xcassets */ = {isa = PBXFileReference; lastKnownFileType = folder.assetcatalog; path = Assets.xcassets; sourceTree = "<group>"; };
		CE97A58C2341E9F500B084E7 /* Base */ = {isa = PBXFileReference; lastKnownFileType = file.storyboard; name = Base; path = Base.lproj/LaunchScreen.storyboard; sourceTree = "<group>"; };
		CE97A58E2341E9F500B084E7 /* Info.plist */ = {isa = PBXFileReference; lastKnownFileType = text.plist.xml; path = Info.plist; sourceTree = "<group>"; };
		CE97A5932341E9F500B084E7 /* ViewsTests.xctest */ = {isa = PBXFileReference; explicitFileType = wrapper.cfbundle; includeInIndex = 0; path = ViewsTests.xctest; sourceTree = BUILT_PRODUCTS_DIR; };
		CE97A5972341E9F500B084E7 /* ViewsTests.swift */ = {isa = PBXFileReference; lastKnownFileType = sourcecode.swift; path = ViewsTests.swift; sourceTree = "<group>"; };
		CE97A5992341E9F500B084E7 /* Info.plist */ = {isa = PBXFileReference; lastKnownFileType = text.plist.xml; path = Info.plist; sourceTree = "<group>"; };
/* End PBXFileReference section */

/* Begin PBXFrameworksBuildPhase section */
		CE97A57C2341E9F400B084E7 /* Frameworks */ = {
			isa = PBXFrameworksBuildPhase;
			buildActionMask = 2147483647;
			files = (
			);
			runOnlyForDeploymentPostprocessing = 0;
		};
		CE97A5902341E9F500B084E7 /* Frameworks */ = {
			isa = PBXFrameworksBuildPhase;
			buildActionMask = 2147483647;
			files = (
			);
			runOnlyForDeploymentPostprocessing = 0;
		};
/* End PBXFrameworksBuildPhase section */

/* Begin PBXGroup section */
		CE97A5762341E9F400B084E7 = {
			isa = PBXGroup;
			children = (
				CE97A5812341E9F400B084E7 /* Views */,
				CE97A5962341E9F500B084E7 /* ViewsTests */,
				CE97A5802341E9F400B084E7 /* Products */,
			);
			sourceTree = "<group>";
		};
		CE97A5802341E9F400B084E7 /* Products */ = {
			isa = PBXGroup;
			children = (
				CE97A57F2341E9F400B084E7 /* Views.app */,
				CE97A5932341E9F500B084E7 /* ViewsTests.xctest */,
			);
			name = Products;
			sourceTree = "<group>";
		};
		CE97A5812341E9F400B084E7 /* Views */ = {
			isa = PBXGroup;
			children = (
				CE97A5822341E9F400B084E7 /* AppDelegate.swift */,
				CE97A5842341E9F400B084E7 /* ViewController.swift */,
				CE97A5862341E9F400B084E7 /* Main.storyboard */,
				CE97A5892341E9F500B084E7 /* Assets.xcassets */,
				CE97A58B2341E9F500B084E7 /* LaunchScreen.storyboard */,
				CE97A58E2341E9F500B084E7 /* Info.plist */,
				CE24CA89234C842D002A4012 /* GameFieldView.swift */,
			);
			path = Views;
			sourceTree = "<group>";
		};
		CE97A5962341E9F500B084E7 /* ViewsTests */ = {
			isa = PBXGroup;
			children = (
				CE97A5972341E9F500B084E7 /* ViewsTests.swift */,
				CE97A5992341E9F500B084E7 /* Info.plist */,
			);
			path = ViewsTests;
			sourceTree = "<group>";
		};
/* End PBXGroup section */

/* Begin PBXNativeTarget section */
		CE97A57E2341E9F400B084E7 /* Views */ = {
			isa = PBXNativeTarget;
			buildConfigurationList = CE97A59C2341E9F500B084E7 /* Build configuration list for PBXNativeTarget "Views" */;
			buildPhases = (
				CE97A57B2341E9F400B084E7 /* Sources */,
				CE97A57C2341E9F400B084E7 /* Frameworks */,
				CE97A57D2341E9F400B084E7 /* Resources */,
			);
			buildRules = (
			);
			dependencies = (
			);
			name = Views;
			productName = Views;
			productReference = CE97A57F2341E9F400B084E7 /* Views.app */;
			productType = "com.apple.product-type.application";
		};
		CE97A5922341E9F500B084E7 /* ViewsTests */ = {
			isa = PBXNativeTarget;
			buildConfigurationList = CE97A59F2341E9F500B084E7 /* Build configuration list for PBXNativeTarget "ViewsTests" */;
			buildPhases = (
				CE97A58F2341E9F500B084E7 /* Sources */,
				CE97A5902341E9F500B084E7 /* Frameworks */,
				CE97A5912341E9F500B084E7 /* Resources */,
			);
			buildRules = (
			);
			dependencies = (
				CE97A5952341E9F500B084E7 /* PBXTargetDependency */,
			);
			name = ViewsTests;
			productName = ViewsTests;
			productReference = CE97A5932341E9F500B084E7 /* ViewsTests.xctest */;
			productType = "com.apple.product-type.bundle.unit-test";
		};
/* End PBXNativeTarget section */

/* Begin PBXProject section */
		CE97A5772341E9F400B084E7 /* Project object */ = {
			isa = PBXProject;
			attributes = {
				LastSwiftUpdateCheck = 1010;
				LastUpgradeCheck = 1010;
				ORGANIZATIONNAME = "Artem Ulko";
				TargetAttributes = {
					CE97A57E2341E9F400B084E7 = {
						CreatedOnToolsVersion = 10.1;
					};
					CE97A5922341E9F500B084E7 = {
						CreatedOnToolsVersion = 10.1;
						TestTargetID = CE97A57E2341E9F400B084E7;
					};
				};
			};
			buildConfigurationList = CE97A57A2341E9F400B084E7 /* Build configuration list for PBXProject "Views" */;
			compatibilityVersion = "Xcode 9.3";
			developmentRegion = en;
			hasScannedForEncodings = 0;
			knownRegions = (
				en,
				Base,
			);
			mainGroup = CE97A5762341E9F400B084E7;
			productRefGroup = CE97A5802341E9F400B084E7 /* Products */;
			projectDirPath = "";
			projectRoot = "";
			targets = (
				CE97A57E2341E9F400B084E7 /* Views */,
				CE97A5922341E9F500B084E7 /* ViewsTests */,
			);
		};
/* End PBXProject section */

/* Begin PBXResourcesBuildPhase section */
		CE97A57D2341E9F400B084E7 /* Resources */ = {
			isa = PBXResourcesBuildPhase;
			buildActionMask = 2147483647;
			files = (
				CE97A58D2341E9F500B084E7 /* LaunchScreen.storyboard in Resources */,
				CE97A58A2341E9F500B084E7 /* Assets.xcassets in Resources */,
				CE97A5882341E9F400B084E7 /* Main.storyboard in Resources */,
			);
			runOnlyForDeploymentPostprocessing = 0;
		};
		CE97A5912341E9F500B084E7 /* Resources */ = {
			isa = PBXResourcesBuildPhase;
			buildActionMask = 2147483647;
			files = (
			);
			runOnlyForDeploymentPostprocessing = 0;
		};
/* End PBXResourcesBuildPhase section */

/* Begin PBXSourcesBuildPhase section */
		CE97A57B2341E9F400B084E7 /* Sources */ = {
			isa = PBXSourcesBuildPhase;
			buildActionMask = 2147483647;
			files = (
				CE24CA8A234C842D002A4012 /* GameFieldView.swift in Sources */,
				CE97A5852341E9F400B084E7 /* ViewController.swift in Sources */,
				CE97A5832341E9F400B084E7 /* AppDelegate.swift in Sources */,
			);
			runOnlyForDeploymentPostprocessing = 0;
		};
		CE97A58F2341E9F500B084E7 /* Sources */ = {
			isa = PBXSourcesBuildPhase;
			buildActionMask = 2147483647;
			files = (
				CE97A5982341E9F500B084E7 /* ViewsTests.swift in Sources */,
			);
			runOnlyForDeploymentPostprocessing = 0;
		};
/* End PBXSourcesBuildPhase section */

/* Begin PBXTargetDependency section */
		CE97A5952341E9F500B084E7 /* PBXTargetDependency */ = {
			isa = PBXTargetDependency;
			target = CE97A57E2341E9F400B084E7 /* Views */;
			targetProxy = CE97A5942341E9F500B084E7 /* PBXContainerItemProxy */;
		};
/* End PBXTargetDependency section */

/* Begin PBXVariantGroup section */
		CE97A5862341E9F400B084E7 /* Main.storyboard */ = {
			isa = PBXVariantGroup;
			children = (
				CE97A5872341E9F400B084E7 /* Base */,
			);
			name = Main.storyboard;
			sourceTree = "<group>";
		};
		CE97A58B2341E9F500B084E7 /* LaunchScreen.storyboard */ = {
			isa = PBXVariantGroup;
			children = (
				CE97A58C2341E9F500B084E7 /* Base */,
			);
			name = LaunchScreen.storyboard;
			sourceTree = "<group>";
		};
/* End PBXVariantGroup section */

/* Begin XCBuildConfiguration section */
		CE97A59A2341E9F500B084E7 /* Debug */ = {
			isa = XCBuildConfiguration;
			buildSettings = {
				ALWAYS_SEARCH_USER_PATHS = NO;
				CLANG_ANALYZER_NONNULL = YES;
				CLANG_ANALYZER_NUMBER_OBJECT_CONVERSION = YES_AGGRESSIVE;
				CLANG_CXX_LANGUAGE_STANDARD = "gnu++14";
				CLANG_CXX_LIBRARY = "libc++";
				CLANG_ENABLE_MODULES = YES;
				CLANG_ENABLE_OBJC_ARC = YES;
				CLANG_ENABLE_OBJC_WEAK = YES;
				CLANG_WARN_BLOCK_CAPTURE_AUTORELEASING = YES;
				CLANG_WARN_BOOL_CONVERSION = YES;
				CLANG_WARN_COMMA = YES;
				CLANG_WARN_CONSTANT_CONVERSION = YES;
				CLANG_WARN_DEPRECATED_OBJC_IMPLEMENTATIONS = YES;
				CLANG_WARN_DIRECT_OBJC_ISA_USAGE = YES_ERROR;
				CLANG_WARN_DOCUMENTATION_COMMENTS = YES;
				CLANG_WARN_EMPTY_BODY = YES;
				CLANG_WARN_ENUM_CONVERSION = YES;
				CLANG_WARN_INFINITE_RECURSION = YES;
				CLANG_WARN_INT_CONVERSION = YES;
				CLANG_WARN_NON_LITERAL_NULL_CONVERSION = YES;
				CLANG_WARN_OBJC_IMPLICIT_RETAIN_SELF = YES;
				CLANG_WARN_OBJC_LITERAL_CONVERSION = YES;
				CLANG_WARN_OBJC_ROOT_CLASS = YES_ERROR;
				CLANG_WARN_RANGE_LOOP_ANALYSIS = YES;
				CLANG_WARN_STRICT_PROTOTYPES = YES;
				CLANG_WARN_SUSPICIOUS_MOVE = YES;
				CLANG_WARN_UNGUARDED_AVAILABILITY = YES_AGGRESSIVE;
				CLANG_WARN_UNREACHABLE_CODE = YES;
				CLANG_WARN__DUPLICATE_METHOD_MATCH = YES;
				CODE_SIGN_IDENTITY = "iPhone Developer";
				COPY_PHASE_STRIP = NO;
				DEBUG_INFORMATION_FORMAT = dwarf;
				ENABLE_STRICT_OBJC_MSGSEND = YES;
				ENABLE_TESTABILITY = YES;
				GCC_C_LANGUAGE_STANDARD = gnu11;
				GCC_DYNAMIC_NO_PIC = NO;
				GCC_NO_COMMON_BLOCKS = YES;
				GCC_OPTIMIZATION_LEVEL = 0;
				GCC_PREPROCESSOR_DEFINITIONS = (
					"DEBUG=1",
					"$(inherited)",
				);
				GCC_WARN_64_TO_32_BIT_CONVERSION = YES;
				GCC_WARN_ABOUT_RETURN_TYPE = YES_ERROR;
				GCC_WARN_UNDECLARED_SELECTOR = YES;
				GCC_WARN_UNINITIALIZED_AUTOS = YES_AGGRESSIVE;
				GCC_WARN_UNUSED_FUNCTION = YES;
				GCC_WARN_UNUSED_VARIABLE = YES;
				IPHONEOS_DEPLOYMENT_TARGET = 12.1;
				MTL_ENABLE_DEBUG_INFO = INCLUDE_SOURCE;
				MTL_FAST_MATH = YES;
				ONLY_ACTIVE_ARCH = YES;
				SDKROOT = iphoneos;
				SWIFT_ACTIVE_COMPILATION_CONDITIONS = DEBUG;
				SWIFT_OPTIMIZATION_LEVEL = "-Onone";
			};
			name = Debug;
		};
		CE97A59B2341E9F500B084E7 /* Release */ = {
			isa = XCBuildConfiguration;
			buildSettings = {
				ALWAYS_SEARCH_USER_PATHS = NO;
				CLANG_ANALYZER_NONNULL = YES;
				CLANG_ANALYZER_NUMBER_OBJECT_CONVERSION = YES_AGGRESSIVE;
				CLANG_CXX_LANGUAGE_STANDARD = "gnu++14";
				CLANG_CXX_LIBRARY = "libc++";
				CLANG_ENABLE_MODULES = YES;
				CLANG_ENABLE_OBJC_ARC = YES;
				CLANG_ENABLE_OBJC_WEAK = YES;
				CLANG_WARN_BLOCK_CAPTURE_AUTORELEASING = YES;
				CLANG_WARN_BOOL_CONVERSION = YES;
				CLANG_WARN_COMMA = YES;
				CLANG_WARN_CONSTANT_CONVERSION = YES;
				CLANG_WARN_DEPRECATED_OBJC_IMPLEMENTATIONS = YES;
				CLANG_WARN_DIRECT_OBJC_ISA_USAGE = YES_ERROR;
				CLANG_WARN_DOCUMENTATION_COMMENTS = YES;
				CLANG_WARN_EMPTY_BODY = YES;
				CLANG_WARN_ENUM_CONVERSION = YES;
				CLANG_WARN_INFINITE_RECURSION = YES;
				CLANG_WARN_INT_CONVERSION = YES;
				CLANG_WARN_NON_LITERAL_NULL_CONVERSION = YES;
				CLANG_WARN_OBJC_IMPLICIT_RETAIN_SELF = YES;
				CLANG_WARN_OBJC_LITERAL_CONVERSION = YES;
				CLANG_WARN_OBJC_ROOT_CLASS = YES_ERROR;
				CLANG_WARN_RANGE_LOOP_ANALYSIS = YES;
				CLANG_WARN_STRICT_PROTOTYPES = YES;
				CLANG_WARN_SUSPICIOUS_MOVE = YES;
				CLANG_WARN_UNGUARDED_AVAILABILITY = YES_AGGRESSIVE;
				CLANG_WARN_UNREACHABLE_CODE = YES;
				CLANG_WARN__DUPLICATE_METHOD_MATCH = YES;
				CODE_SIGN_IDENTITY = "iPhone Developer";
				COPY_PHASE_STRIP = NO;
				DEBUG_INFORMATION_FORMAT = "dwarf-with-dsym";
				ENABLE_NS_ASSERTIONS = NO;
				ENABLE_STRICT_OBJC_MSGSEND = YES;
				GCC_C_LANGUAGE_STANDARD = gnu11;
				GCC_NO_COMMON_BLOCKS = YES;
				GCC_WARN_64_TO_32_BIT_CONVERSION = YES;
				GCC_WARN_ABOUT_RETURN_TYPE = YES_ERROR;
				GCC_WARN_UNDECLARED_SELECTOR = YES;
				GCC_WARN_UNINITIALIZED_AUTOS = YES_AGGRESSIVE;
				GCC_WARN_UNUSED_FUNCTION = YES;
				GCC_WARN_UNUSED_VARIABLE = YES;
				IPHONEOS_DEPLOYMENT_TARGET = 12.1;
				MTL_ENABLE_DEBUG_INFO = NO;
				MTL_FAST_MATH = YES;
				SDKROOT = iphoneos;
				SWIFT_COMPILATION_MODE = wholemodule;
				SWIFT_OPTIMIZATION_LEVEL = "-O";
				VALIDATE_PRODUCT = YES;
			};
			name = Release;
		};
		CE97A59D2341E9F500B084E7 /* Debug */ = {
			isa = XCBuildConfiguration;
			buildSettings = {
				ASSETCATALOG_COMPILER_APPICON_NAME = AppIcon;
				CODE_SIGN_STYLE = Automatic;
				DEVELOPMENT_TEAM = 2PQNZ2TUC3;
				INFOPLIST_FILE = Views/Info.plist;
				LD_RUNPATH_SEARCH_PATHS = (
					"$(inherited)",
					"@executable_path/Frameworks",
				);
				PRODUCT_BUNDLE_IDENTIFIER = com.ulkoart.Views;
				PRODUCT_NAME = "$(TARGET_NAME)";
				SWIFT_VERSION = 4.2;
				TARGETED_DEVICE_FAMILY = "1,2";
			};
			name = Debug;
		};
		CE97A59E2341E9F500B084E7 /* Release */ = {
			isa = XCBuildConfiguration;
			buildSettings = {
				ASSETCATALOG_COMPILER_APPICON_NAME = AppIcon;
				CODE_SIGN_STYLE = Automatic;
				DEVELOPMENT_TEAM = 2PQNZ2TUC3;
				INFOPLIST_FILE = Views/Info.plist;
				LD_RUNPATH_SEARCH_PATHS = (
					"$(inherited)",
					"@executable_path/Frameworks",
				);
				PRODUCT_BUNDLE_IDENTIFIER = com.ulkoart.Views;
				PRODUCT_NAME = "$(TARGET_NAME)";
				SWIFT_VERSION = 4.2;
				TARGETED_DEVICE_FAMILY = "1,2";
			};
			name = Release;
		};
		CE97A5A02341E9F500B084E7 /* Debug */ = {
			isa = XCBuildConfiguration;
			buildSettings = {
				ALWAYS_EMBED_SWIFT_STANDARD_LIBRARIES = YES;
				BUNDLE_LOADER = "$(TEST_HOST)";
				CODE_SIGN_STYLE = Automatic;
				DEVELOPMENT_TEAM = 2PQNZ2TUC3;
				INFOPLIST_FILE = ViewsTests/Info.plist;
				LD_RUNPATH_SEARCH_PATHS = (
					"$(inherited)",
					"@executable_path/Frameworks",
					"@loader_path/Frameworks",
				);
				PRODUCT_BUNDLE_IDENTIFIER = com.ulkoart.ViewsTests;
				PRODUCT_NAME = "$(TARGET_NAME)";
				SWIFT_VERSION = 4.2;
				TARGETED_DEVICE_FAMILY = "1,2";
				TEST_HOST = "$(BUILT_PRODUCTS_DIR)/Views.app/Views";
			};
			name = Debug;
		};
		CE97A5A12341E9F500B084E7 /* Release */ = {
			isa = XCBuildConfiguration;
			buildSettings = {
				ALWAYS_EMBED_SWIFT_STANDARD_LIBRARIES = YES;
				BUNDLE_LOADER = "$(TEST_HOST)";
				CODE_SIGN_STYLE = Automatic;
				DEVELOPMENT_TEAM = 2PQNZ2TUC3;
				INFOPLIST_FILE = ViewsTests/Info.plist;
				LD_RUNPATH_SEARCH_PATHS = (
					"$(inherited)",
					"@executable_path/Frameworks",
					"@loader_path/Frameworks",
				);
				PRODUCT_BUNDLE_IDENTIFIER = com.ulkoart.ViewsTests;
				PRODUCT_NAME = "$(TARGET_NAME)";
				SWIFT_VERSION = 4.2;
				TARGETED_DEVICE_FAMILY = "1,2";
				TEST_HOST = "$(BUILT_PRODUCTS_DIR)/Views.app/Views";
			};
			name = Release;
		};
/* End XCBuildConfiguration section */

/* Begin XCConfigurationList section */
		CE97A57A2341E9F400B084E7 /* Build configuration list for PBXProject "Views" */ = {
			isa = XCConfigurationList;
			buildConfigurations = (
				CE97A59A2341E9F500B084E7 /* Debug */,
				CE97A59B2341E9F500B084E7 /* Release */,
			);
			defaultConfigurationIsVisible = 0;
			defaultConfigurationName = Release;
		};
		CE97A59C2341E9F500B084E7 /* Build configuration list for PBXNativeTarget "Views" */ = {
			isa = XCConfigurationList;
			buildConfigurations = (
				CE97A59D2341E9F500B084E7 /* Debug */,
				CE97A59E2341E9F500B084E7 /* Release */,
			);
			defaultConfigurationIsVisible = 0;
			defaultConfigurationName = Release;
		};
		CE97A59F2341E9F500B084E7 /* Build configuration list for PBXNativeTarget "ViewsTests" */ = {
			isa = XCConfigurationList;
			buildConfigurations = (
				CE97A5A02341E9F500B084E7 /* Debug */,
				CE97A5A12341E9F500B084E7 /* Release */,
			);
			defaultConfigurationIsVisible = 0;
			defaultConfigurationName = Release;
		};
/* End XCConfigurationList section */
	};
	rootObject = CE97A5772341E9F400B084E7 /* Project object */;
}
